
Microsoft Visual Studio Solution File, Format Version 12.00
# Visual Studio Version 17
VisualStudioVersion = 17.8.34322.80
MinimumVisualStudioVersion = 10.0.40219.1
Project("{8BC9CEB8-8B4A-11D0-8D11-00A0C91BC942}") = "TD1_1365", "TD1_1365.vcxproj", "{9D702316-C562-480D-AD44-71AED44FA74C}"
EndProject
Global
	GlobalSection(SolutionConfigurationPlatforms) = preSolution
		Debug|x64 = Debug|x64
		Release|x64 = Release|x64
	EndGlobalSection
	GlobalSection(ProjectConfigurationPlatforms) = postSolution
		{9D702316-C562-480D-AD44-71AED44FA74C}.Debug|x64.ActiveCfg = Debug|x64
		{9D702316-C562-480D-AD44-71AED44FA74C}.Debug|x64.Build.0 = Debug|x64
		{9D702316-C562-480D-AD44-71AED44FA74C}.Release|x64.ActiveCfg = Release|x64
		{9D702316-C562-480D-AD44-71AED44FA74C}.Release|x64.Build.0 = Release|x64
	EndGlobalSection
	GlobalSection(SolutionProperties) = preSolution
		HideSolutionNode = FALSE
	EndGlobalSection
	GlobalSection(ExtensibilityGlobals) = postSolution
		SolutionGuid = {55F26EF1-DAAA-4F17-9F9B-F2EEFF836E4C}
	EndGlobalSection
EndGlobal
